{
    "requires": true,
    "lockfileVersion": 1,
    "dependencies": {
        "lottie-web": {
            "version": "5.6.6",
            "resolved": "https://registry.npmjs.org/lottie-web/-/lottie-web-5.6.6.tgz",
            "integrity": "sha512-N2c5+VjWFFEv8AQIDohFQaFiPudcSTSKE6WrMmUqtjc+/tQWe23eTu7XHqzXuAf7HDQclHhBorDeSelPNaYiHQ=="
        }
    }
}
